
Microsoft Visual Studio Solution File, Format Version 12.00
# Visual Studio Version 17
VisualStudioVersion = 17.8.34601.278
MinimumVisualStudioVersion = 10.0.40219.1
Project("{FAE04EC0-301F-11D3-BF4B-00C04F79EFBC}") = "KB12938_IgbDataChart_IgbScatterSeries_MarkerColor", "KB12938_IgbDataChart_IgbScatterSeries_MarkerColor.csproj", "{46B33ECC-2BC6-4DD2-8676-E32C85D44C0F}"
EndProject
Global
	GlobalSection(SolutionConfigurationPlatforms) = preSolution
		Debug|Any CPU = Debug|Any CPU
		Release|Any CPU = Release|Any CPU
	EndGlobalSection
	GlobalSection(ProjectConfigurationPlatforms) = postSolution
		{46B33ECC-2BC6-4DD2-8676-E32C85D44C0F}.Debug|Any CPU.ActiveCfg = Debug|Any CPU
		{46B33ECC-2BC6-4DD2-8676-E32C85D44C0F}.Debug|Any CPU.Build.0 = Debug|Any CPU
		{46B33ECC-2BC6-4DD2-8676-E32C85D44C0F}.Release|Any CPU.ActiveCfg = Release|Any CPU
		{46B33ECC-2BC6-4DD2-8676-E32C85D44C0F}.Release|Any CPU.Build.0 = Release|Any CPU
	EndGlobalSection
	GlobalSection(SolutionProperties) = preSolution
		HideSolutionNode = FALSE
	EndGlobalSection
	GlobalSection(ExtensibilityGlobals) = postSolution
		SolutionGuid = {B29C32A7-65A7-46BF-8C0F-F7E8F0177287}
	EndGlobalSection
EndGlobal
